
Microsoft Visual Studio Solution File, Format Version 12.00
# Visual Studio Version 17
VisualStudioVersion = 17.6.33712.159
MinimumVisualStudioVersion = 10.0.40219.1
Project("{FAE04EC0-301F-11D3-BF4B-00C04F79EFBC}") = "DVLD", "DVLD.csproj", "{47F7923E-903F-480E-8075-231F8B09733B}"
EndProject
Project("{FAE04EC0-301F-11D3-BF4B-00C04F79EFBC}") = "DVLD_Buisness", "..\DVLD_Buisness\DVLD_Buisness.csproj", "{4C6A86AE-74FA-4198-9101-EDBCB435E096}"
EndProject
Project("{FAE04EC0-301F-11D3-BF4B-00C04F79EFBC}") = "DVLD_DataAccess", "..\DVLD_DataAccess\DVLD_DataAccess.csproj", "{E3FE5E3E-32AB-46CA-8E3E-DC4066A6B53C}"
EndProject
Global
	GlobalSection(SolutionConfigurationPlatforms) = preSolution
		Debug|Any CPU = Debug|Any CPU
		Release|Any CPU = Release|Any CPU
	EndGlobalSection
	GlobalSection(ProjectConfigurationPlatforms) = postSolution
		{47F7923E-903F-480E-8075-231F8B09733B}.Debug|Any CPU.ActiveCfg = Debug|Any CPU
		{47F7923E-903F-480E-8075-231F8B09733B}.Debug|Any CPU.Build.0 = Debug|Any CPU
		{47F7923E-903F-480E-8075-231F8B09733B}.Release|Any CPU.ActiveCfg = Release|Any CPU
		{47F7923E-903F-480E-8075-231F8B09733B}.Release|Any CPU.Build.0 = Release|Any CPU
		{4C6A86AE-74FA-4198-9101-EDBCB435E096}.Debug|Any CPU.ActiveCfg = Debug|Any CPU
		{4C6A86AE-74FA-4198-9101-EDBCB435E096}.Debug|Any CPU.Build.0 = Debug|Any CPU
		{4C6A86AE-74FA-4198-9101-EDBCB435E096}.Release|Any CPU.ActiveCfg = Release|Any CPU
		{4C6A86AE-74FA-4198-9101-EDBCB435E096}.Release|Any CPU.Build.0 = Release|Any CPU
		{E3FE5E3E-32AB-46CA-8E3E-DC4066A6B53C}.Debug|Any CPU.ActiveCfg = Debug|Any CPU
		{E3FE5E3E-32AB-46CA-8E3E-DC4066A6B53C}.Debug|Any CPU.Build.0 = Debug|Any CPU
		{E3FE5E3E-32AB-46CA-8E3E-DC4066A6B53C}.Release|Any CPU.ActiveCfg = Release|Any CPU
		{E3FE5E3E-32AB-46CA-8E3E-DC4066A6B53C}.Release|Any CPU.Build.0 = Release|Any CPU
	EndGlobalSection
	GlobalSection(SolutionProperties) = preSolution
		HideSolutionNode = FALSE
	EndGlobalSection
	GlobalSection(ExtensibilityGlobals) = postSolution
		SolutionGuid = {9E6D1BDF-6A65-45AF-951D-AD108CD78CEE}
	EndGlobalSection
EndGlobal
